
Microsoft Visual Studio Solution File, Format Version 12.00
# Visual Studio 14
VisualStudioVersion = 14.0.25420.1
MinimumVisualStudioVersion = 10.0.40219.1
Project("{FAE04EC0-301F-11D3-BF4B-00C04F79EFBC}") = "tddkata4", "tddkata4\tddkata4.csproj", "{D7023BC5-4B82-43AA-A529-78D922C80D5D}"
EndProject
Project("{FAE04EC0-301F-11D3-BF4B-00C04F79EFBC}") = "tddkata4.Tests", "tddkata4.Tests\tddkata4.Tests.csproj", "{BAD847DA-3F99-416D-8D86-2A8B8CE1FE22}"
EndProject
Project("{FAE04EC0-301F-11D3-BF4B-00C04F79EFBC}") = "tddkata4.Console", "tddkata4.Console\tddkata4.Console.csproj", "{F6FC7201-318B-49A8-ACAE-4503C318A509}"
EndProject
Global
	GlobalSection(SolutionConfigurationPlatforms) = preSolution
		Debug|Any CPU = Debug|Any CPU
		Release|Any CPU = Release|Any CPU
	EndGlobalSection
	GlobalSection(ProjectConfigurationPlatforms) = postSolution
		{D7023BC5-4B82-43AA-A529-78D922C80D5D}.Debug|Any CPU.ActiveCfg = Debug|Any CPU
		{D7023BC5-4B82-43AA-A529-78D922C80D5D}.Debug|Any CPU.Build.0 = Debug|Any CPU
		{D7023BC5-4B82-43AA-A529-78D922C80D5D}.Release|Any CPU.ActiveCfg = Release|Any CPU
		{D7023BC5-4B82-43AA-A529-78D922C80D5D}.Release|Any CPU.Build.0 = Release|Any CPU
		{BAD847DA-3F99-416D-8D86-2A8B8CE1FE22}.Debug|Any CPU.ActiveCfg = Debug|Any CPU
		{BAD847DA-3F99-416D-8D86-2A8B8CE1FE22}.Debug|Any CPU.Build.0 = Debug|Any CPU
		{BAD847DA-3F99-416D-8D86-2A8B8CE1FE22}.Release|Any CPU.ActiveCfg = Release|Any CPU
		{BAD847DA-3F99-416D-8D86-2A8B8CE1FE22}.Release|Any CPU.Build.0 = Release|Any CPU
		{F6FC7201-318B-49A8-ACAE-4503C318A509}.Debug|Any CPU.ActiveCfg = Debug|Any CPU
		{F6FC7201-318B-49A8-ACAE-4503C318A509}.Debug|Any CPU.Build.0 = Debug|Any CPU
		{F6FC7201-318B-49A8-ACAE-4503C318A509}.Release|Any CPU.ActiveCfg = Release|Any CPU
		{F6FC7201-318B-49A8-ACAE-4503C318A509}.Release|Any CPU.Build.0 = Release|Any CPU
	EndGlobalSection
	GlobalSection(SolutionProperties) = preSolution
		HideSolutionNode = FALSE
	EndGlobalSection
EndGlobal
